
Microsoft Visual Studio Solution File, Format Version 12.00
# Visual Studio Version 17
VisualStudioVersion = 17.6.33815.320
MinimumVisualStudioVersion = 10.0.40219.1
Project("{9A19103F-16F7-4668-BE54-9A1E7A4F7556}") = "Demo01Classes", "Demo01Classes\Demo01Classes.csproj", "{604F55BF-EE6F-49FF-A462-7F5AE36FD648}"
EndProject
Project("{2150E333-8FDC-42A3-9474-1A3956D46DE8}") = "Exercices", "Exercices", "{DC654770-E41A-4860-A2EA-5B870797B010}"
EndProject
Project("{2150E333-8FDC-42A3-9474-1A3956D46DE8}") = "Demos", "Demos", "{718B98C5-BE84-4395-854F-98C3E8EAB5C8}"
EndProject
Project("{9A19103F-16F7-4668-BE54-9A1E7A4F7556}") = "Exercice01Chaise", "Exercice01Chaise\Exercice01Chaise.csproj", "{D1318897-6151-4FF7-BB73-CE6FDD25D709}"
EndProject
Project("{9A19103F-16F7-4668-BE54-9A1E7A4F7556}") = "Demo02Static", "Demo02Static\Demo02Static.csproj", "{6CA334B3-907A-401D-82B4-1CC4C67681CC}"
EndProject
Project("{9A19103F-16F7-4668-BE54-9A1E7A4F7556}") = "Exercice02Salarie", "Exercice02Salarie\Exercice02Salarie.csproj", "{87DEC482-AA22-4F5E-9367-BF5A1B9CEA2E}"
EndProject
Project("{9A19103F-16F7-4668-BE54-9A1E7A4F7556}") = "Exercice03WaterTank", "Exercice03WaterTank\Exercice03WaterTank.csproj", "{700B98F3-BF40-4A97-81E9-A334420D8E48}"
EndProject
Project("{9A19103F-16F7-4668-BE54-9A1E7A4F7556}") = "Exercice04Pendu", "Exercice04Pendu\Exercice04Pendu.csproj", "{F3A9EAA5-2FDD-4AF0-B8CA-960A5ECD75C3}"
EndProject
Project("{9A19103F-16F7-4668-BE54-9A1E7A4F7556}") = "Demo03Polymorphisme1", "Demo03Polymorphisme1\Demo03Polymorphisme1.csproj", "{DDF1ACEC-21B5-4670-AE37-7323A5ECE4D7}"
EndProject
Project("{9A19103F-16F7-4668-BE54-9A1E7A4F7556}") = "Demo04Polymorphisme2", "Demo04Polymorphisme2\Demo04Polymorphisme2.csproj", "{0E7E82A6-94FE-47F4-93CF-BC24E79BA32A}"
EndProject
Project("{9A19103F-16F7-4668-BE54-9A1E7A4F7556}") = "Demo05HeritageMasquage", "Demo05Heritage\Demo05HeritageMasquage.csproj", "{9A095CE9-8D86-45D4-820E-29B188AF22D0}"
EndProject
Project("{9A19103F-16F7-4668-BE54-9A1E7A4F7556}") = "Demo06HeritageOverrideAbstract", "Demo06HeritageOverrideAbstract\Demo06HeritageOverrideAbstract.csproj", "{948BC143-5195-4203-91AE-92F5388073BC}"
EndProject
Project("{9A19103F-16F7-4668-BE54-9A1E7A4F7556}") = "Exercice05SalarieHeritage", "Exercice05SalarieHeritage\Exercice05SalarieHeritage.csproj", "{0B9F6EB7-C2EA-4CFC-A18F-9736E11D881D}"
EndProject
Project("{9A19103F-16F7-4668-BE54-9A1E7A4F7556}") = "Demo07Interfaces", "Demo07Interfaces\Demo07Interfaces.csproj", "{5961AD27-2D3A-4FE8-B5E2-3D9266B00EF2}"
EndProject
Project("{9A19103F-16F7-4668-BE54-9A1E7A4F7556}") = "Exercice06Figures", "Exercice06Figures\Exercice06Figures.csproj", "{8BEDB092-6CA0-4094-BFC5-6845B320EE01}"
EndProject
Project("{9A19103F-16F7-4668-BE54-9A1E7A4F7556}") = "Demo08Enum", "Demo08Enum\Demo08Enum.csproj", "{FE2F5563-0326-4091-9DC2-28CF25436F60}"
EndProject
Project("{9A19103F-16F7-4668-BE54-9A1E7A4F7556}") = "Demo09CollectionsGeneriques", "Demo09CollectionsGeneriques\Demo09CollectionsGeneriques.csproj", "{31E71894-171D-443F-AD7A-D94E2F1B1243}"
EndProject
Project("{9A19103F-16F7-4668-BE54-9A1E7A4F7556}") = "Demo10CreationGeneriques", "Demo10CreationGeneriques\Demo10CreationGeneriques.csproj", "{F112B619-A5C6-46ED-8C71-7B3C0B419C68}"
EndProject
Project("{FAE04EC0-301F-11D3-BF4B-00C04F79EFBC}") = "Exercice07Pile", "Exercice07Pile\Exercice07Pile.csproj", "{9963289B-2B2C-44DC-A055-37FA14F4E73A}"
EndProject
Global
	GlobalSection(SolutionConfigurationPlatforms) = preSolution
		Debug|Any CPU = Debug|Any CPU
		Release|Any CPU = Release|Any CPU
	EndGlobalSection
	GlobalSection(ProjectConfigurationPlatforms) = postSolution
		{604F55BF-EE6F-49FF-A462-7F5AE36FD648}.Debug|Any CPU.ActiveCfg = Debug|Any CPU
		{604F55BF-EE6F-49FF-A462-7F5AE36FD648}.Debug|Any CPU.Build.0 = Debug|Any CPU
		{604F55BF-EE6F-49FF-A462-7F5AE36FD648}.Release|Any CPU.ActiveCfg = Release|Any CPU
		{604F55BF-EE6F-49FF-A462-7F5AE36FD648}.Release|Any CPU.Build.0 = Release|Any CPU
		{D1318897-6151-4FF7-BB73-CE6FDD25D709}.Debug|Any CPU.ActiveCfg = Debug|Any CPU
		{D1318897-6151-4FF7-BB73-CE6FDD25D709}.Debug|Any CPU.Build.0 = Debug|Any CPU
		{D1318897-6151-4FF7-BB73-CE6FDD25D709}.Release|Any CPU.ActiveCfg = Release|Any CPU
		{D1318897-6151-4FF7-BB73-CE6FDD25D709}.Release|Any CPU.Build.0 = Release|Any CPU
		{6CA334B3-907A-401D-82B4-1CC4C67681CC}.Debug|Any CPU.ActiveCfg = Debug|Any CPU
		{6CA334B3-907A-401D-82B4-1CC4C67681CC}.Debug|Any CPU.Build.0 = Debug|Any CPU
		{6CA334B3-907A-401D-82B4-1CC4C67681CC}.Release|Any CPU.ActiveCfg = Release|Any CPU
		{6CA334B3-907A-401D-82B4-1CC4C67681CC}.Release|Any CPU.Build.0 = Release|Any CPU
		{87DEC482-AA22-4F5E-9367-BF5A1B9CEA2E}.Debug|Any CPU.ActiveCfg = Debug|Any CPU
		{87DEC482-AA22-4F5E-9367-BF5A1B9CEA2E}.Debug|Any CPU.Build.0 = Debug|Any CPU
		{87DEC482-AA22-4F5E-9367-BF5A1B9CEA2E}.Release|Any CPU.ActiveCfg = Release|Any CPU
		{87DEC482-AA22-4F5E-9367-BF5A1B9CEA2E}.Release|Any CPU.Build.0 = Release|Any CPU
		{700B98F3-BF40-4A97-81E9-A334420D8E48}.Debug|Any CPU.ActiveCfg = Debug|Any CPU
		{700B98F3-BF40-4A97-81E9-A334420D8E48}.Debug|Any CPU.Build.0 = Debug|Any CPU
		{700B98F3-BF40-4A97-81E9-A334420D8E48}.Release|Any CPU.ActiveCfg = Release|Any CPU
		{700B98F3-BF40-4A97-81E9-A334420D8E48}.Release|Any CPU.Build.0 = Release|Any CPU
		{F3A9EAA5-2FDD-4AF0-B8CA-960A5ECD75C3}.Debug|Any CPU.ActiveCfg = Debug|Any CPU
		{F3A9EAA5-2FDD-4AF0-B8CA-960A5ECD75C3}.Debug|Any CPU.Build.0 = Debug|Any CPU
		{F3A9EAA5-2FDD-4AF0-B8CA-960A5ECD75C3}.Release|Any CPU.ActiveCfg = Release|Any CPU
		{F3A9EAA5-2FDD-4AF0-B8CA-960A5ECD75C3}.Release|Any CPU.Build.0 = Release|Any CPU
		{DDF1ACEC-21B5-4670-AE37-7323A5ECE4D7}.Debug|Any CPU.ActiveCfg = Debug|Any CPU
		{DDF1ACEC-21B5-4670-AE37-7323A5ECE4D7}.Debug|Any CPU.Build.0 = Debug|Any CPU
		{DDF1ACEC-21B5-4670-AE37-7323A5ECE4D7}.Release|Any CPU.ActiveCfg = Release|Any CPU
		{DDF1ACEC-21B5-4670-AE37-7323A5ECE4D7}.Release|Any CPU.Build.0 = Release|Any CPU
		{0E7E82A6-94FE-47F4-93CF-BC24E79BA32A}.Debug|Any CPU.ActiveCfg = Debug|Any CPU
		{0E7E82A6-94FE-47F4-93CF-BC24E79BA32A}.Debug|Any CPU.Build.0 = Debug|Any CPU
		{0E7E82A6-94FE-47F4-93CF-BC24E79BA32A}.Release|Any CPU.ActiveCfg = Release|Any CPU
		{0E7E82A6-94FE-47F4-93CF-BC24E79BA32A}.Release|Any CPU.Build.0 = Release|Any CPU
		{9A095CE9-8D86-45D4-820E-29B188AF22D0}.Debug|Any CPU.ActiveCfg = Debug|Any CPU
		{9A095CE9-8D86-45D4-820E-29B188AF22D0}.Debug|Any CPU.Build.0 = Debug|Any CPU
		{9A095CE9-8D86-45D4-820E-29B188AF22D0}.Release|Any CPU.ActiveCfg = Release|Any CPU
		{9A095CE9-8D86-45D4-820E-29B188AF22D0}.Release|Any CPU.Build.0 = Release|Any CPU
		{948BC143-5195-4203-91AE-92F5388073BC}.Debug|Any CPU.ActiveCfg = Debug|Any CPU
		{948BC143-5195-4203-91AE-92F5388073BC}.Debug|Any CPU.Build.0 = Debug|Any CPU
		{948BC143-5195-4203-91AE-92F5388073BC}.Release|Any CPU.ActiveCfg = Release|Any CPU
		{948BC143-5195-4203-91AE-92F5388073BC}.Release|Any CPU.Build.0 = Release|Any CPU
		{0B9F6EB7-C2EA-4CFC-A18F-9736E11D881D}.Debug|Any CPU.ActiveCfg = Debug|Any CPU
		{0B9F6EB7-C2EA-4CFC-A18F-9736E11D881D}.Debug|Any CPU.Build.0 = Debug|Any CPU
		{0B9F6EB7-C2EA-4CFC-A18F-9736E11D881D}.Release|Any CPU.ActiveCfg = Release|Any CPU
		{0B9F6EB7-C2EA-4CFC-A18F-9736E11D881D}.Release|Any CPU.Build.0 = Release|Any CPU
		{5961AD27-2D3A-4FE8-B5E2-3D9266B00EF2}.Debug|Any CPU.ActiveCfg = Debug|Any CPU
		{5961AD27-2D3A-4FE8-B5E2-3D9266B00EF2}.Debug|Any CPU.Build.0 = Debug|Any CPU
		{5961AD27-2D3A-4FE8-B5E2-3D9266B00EF2}.Release|Any CPU.ActiveCfg = Release|Any CPU
		{5961AD27-2D3A-4FE8-B5E2-3D9266B00EF2}.Release|Any CPU.Build.0 = Release|Any CPU
		{8BEDB092-6CA0-4094-BFC5-6845B320EE01}.Debug|Any CPU.ActiveCfg = Debug|Any CPU
		{8BEDB092-6CA0-4094-BFC5-6845B320EE01}.Debug|Any CPU.Build.0 = Debug|Any CPU
		{8BEDB092-6CA0-4094-BFC5-6845B320EE01}.Release|Any CPU.ActiveCfg = Release|Any CPU
		{8BEDB092-6CA0-4094-BFC5-6845B320EE01}.Release|Any CPU.Build.0 = Release|Any CPU
		{FE2F5563-0326-4091-9DC2-28CF25436F60}.Debug|Any CPU.ActiveCfg = Debug|Any CPU
		{FE2F5563-0326-4091-9DC2-28CF25436F60}.Debug|Any CPU.Build.0 = Debug|Any CPU
		{FE2F5563-0326-4091-9DC2-28CF25436F60}.Release|Any CPU.ActiveCfg = Release|Any CPU
		{FE2F5563-0326-4091-9DC2-28CF25436F60}.Release|Any CPU.Build.0 = Release|Any CPU
		{31E71894-171D-443F-AD7A-D94E2F1B1243}.Debug|Any CPU.ActiveCfg = Debug|Any CPU
		{31E71894-171D-443F-AD7A-D94E2F1B1243}.Debug|Any CPU.Build.0 = Debug|Any CPU
		{31E71894-171D-443F-AD7A-D94E2F1B1243}.Release|Any CPU.ActiveCfg = Release|Any CPU
		{31E71894-171D-443F-AD7A-D94E2F1B1243}.Release|Any CPU.Build.0 = Release|Any CPU
		{F112B619-A5C6-46ED-8C71-7B3C0B419C68}.Debug|Any CPU.ActiveCfg = Debug|Any CPU
		{F112B619-A5C6-46ED-8C71-7B3C0B419C68}.Debug|Any CPU.Build.0 = Debug|Any CPU
		{F112B619-A5C6-46ED-8C71-7B3C0B419C68}.Release|Any CPU.ActiveCfg = Release|Any CPU
		{F112B619-A5C6-46ED-8C71-7B3C0B419C68}.Release|Any CPU.Build.0 = Release|Any CPU
		{9963289B-2B2C-44DC-A055-37FA14F4E73A}.Debug|Any CPU.ActiveCfg = Debug|Any CPU
		{9963289B-2B2C-44DC-A055-37FA14F4E73A}.Debug|Any CPU.Build.0 = Debug|Any CPU
		{9963289B-2B2C-44DC-A055-37FA14F4E73A}.Release|Any CPU.ActiveCfg = Release|Any CPU
		{9963289B-2B2C-44DC-A055-37FA14F4E73A}.Release|Any CPU.Build.0 = Release|Any CPU
	EndGlobalSection
	GlobalSection(SolutionProperties) = preSolution
		HideSolutionNode = FALSE
	EndGlobalSection
	GlobalSection(NestedProjects) = preSolution
		{604F55BF-EE6F-49FF-A462-7F5AE36FD648} = {718B98C5-BE84-4395-854F-98C3E8EAB5C8}
		{D1318897-6151-4FF7-BB73-CE6FDD25D709} = {DC654770-E41A-4860-A2EA-5B870797B010}
		{6CA334B3-907A-401D-82B4-1CC4C67681CC} = {718B98C5-BE84-4395-854F-98C3E8EAB5C8}
		{87DEC482-AA22-4F5E-9367-BF5A1B9CEA2E} = {DC654770-E41A-4860-A2EA-5B870797B010}
		{700B98F3-BF40-4A97-81E9-A334420D8E48} = {DC654770-E41A-4860-A2EA-5B870797B010}
		{F3A9EAA5-2FDD-4AF0-B8CA-960A5ECD75C3} = {DC654770-E41A-4860-A2EA-5B870797B010}
		{DDF1ACEC-21B5-4670-AE37-7323A5ECE4D7} = {718B98C5-BE84-4395-854F-98C3E8EAB5C8}
		{0E7E82A6-94FE-47F4-93CF-BC24E79BA32A} = {718B98C5-BE84-4395-854F-98C3E8EAB5C8}
		{9A095CE9-8D86-45D4-820E-29B188AF22D0} = {718B98C5-BE84-4395-854F-98C3E8EAB5C8}
		{948BC143-5195-4203-91AE-92F5388073BC} = {718B98C5-BE84-4395-854F-98C3E8EAB5C8}
		{0B9F6EB7-C2EA-4CFC-A18F-9736E11D881D} = {DC654770-E41A-4860-A2EA-5B870797B010}
		{5961AD27-2D3A-4FE8-B5E2-3D9266B00EF2} = {718B98C5-BE84-4395-854F-98C3E8EAB5C8}
		{8BEDB092-6CA0-4094-BFC5-6845B320EE01} = {DC654770-E41A-4860-A2EA-5B870797B010}
		{FE2F5563-0326-4091-9DC2-28CF25436F60} = {718B98C5-BE84-4395-854F-98C3E8EAB5C8}
		{31E71894-171D-443F-AD7A-D94E2F1B1243} = {718B98C5-BE84-4395-854F-98C3E8EAB5C8}
		{F112B619-A5C6-46ED-8C71-7B3C0B419C68} = {718B98C5-BE84-4395-854F-98C3E8EAB5C8}
		{9963289B-2B2C-44DC-A055-37FA14F4E73A} = {DC654770-E41A-4860-A2EA-5B870797B010}
	EndGlobalSection
	GlobalSection(ExtensibilityGlobals) = postSolution
		SolutionGuid = {9CBA56D2-3452-422F-BF4E-D0872B7F4713}
	EndGlobalSection
EndGlobal
