
Microsoft Visual Studio Solution File, Format Version 12.00
# Visual Studio Version 17
VisualStudioVersion = 17.6.33815.320
MinimumVisualStudioVersion = 10.0.40219.1
Project("{FAE04EC0-301F-11D3-BF4B-00C04F79EFBC}") = "Demo01Classes", "Demo01Classes\Demo01Classes.csproj", "{604F55BF-EE6F-49FF-A462-7F5AE36FD648}"
EndProject
Project("{2150E333-8FDC-42A3-9474-1A3956D46DE8}") = "Exercices", "Exercices", "{DC654770-E41A-4860-A2EA-5B870797B010}"
EndProject
Project("{2150E333-8FDC-42A3-9474-1A3956D46DE8}") = "Demos", "Demos", "{718B98C5-BE84-4395-854F-98C3E8EAB5C8}"
EndProject
Project("{FAE04EC0-301F-11D3-BF4B-00C04F79EFBC}") = "Exercice01Chaise", "Exercice01Chaise\Exercice01Chaise.csproj", "{D1318897-6151-4FF7-BB73-CE6FDD25D709}"
EndProject
Global
	GlobalSection(SolutionConfigurationPlatforms) = preSolution
		Debug|Any CPU = Debug|Any CPU
		Release|Any CPU = Release|Any CPU
	EndGlobalSection
	GlobalSection(ProjectConfigurationPlatforms) = postSolution
		{604F55BF-EE6F-49FF-A462-7F5AE36FD648}.Debug|Any CPU.ActiveCfg = Debug|Any CPU
		{604F55BF-EE6F-49FF-A462-7F5AE36FD648}.Debug|Any CPU.Build.0 = Debug|Any CPU
		{604F55BF-EE6F-49FF-A462-7F5AE36FD648}.Release|Any CPU.ActiveCfg = Release|Any CPU
		{604F55BF-EE6F-49FF-A462-7F5AE36FD648}.Release|Any CPU.Build.0 = Release|Any CPU
		{D1318897-6151-4FF7-BB73-CE6FDD25D709}.Debug|Any CPU.ActiveCfg = Debug|Any CPU
		{D1318897-6151-4FF7-BB73-CE6FDD25D709}.Debug|Any CPU.Build.0 = Debug|Any CPU
		{D1318897-6151-4FF7-BB73-CE6FDD25D709}.Release|Any CPU.ActiveCfg = Release|Any CPU
		{D1318897-6151-4FF7-BB73-CE6FDD25D709}.Release|Any CPU.Build.0 = Release|Any CPU
	EndGlobalSection
	GlobalSection(SolutionProperties) = preSolution
		HideSolutionNode = FALSE
	EndGlobalSection
	GlobalSection(NestedProjects) = preSolution
		{604F55BF-EE6F-49FF-A462-7F5AE36FD648} = {718B98C5-BE84-4395-854F-98C3E8EAB5C8}
		{D1318897-6151-4FF7-BB73-CE6FDD25D709} = {DC654770-E41A-4860-A2EA-5B870797B010}
	EndGlobalSection
	GlobalSection(ExtensibilityGlobals) = postSolution
		SolutionGuid = {9CBA56D2-3452-422F-BF4E-D0872B7F4713}
	EndGlobalSection
EndGlobal
